
Microsoft Visual Studio Solution File, Format Version 12.00
# Visual Studio Version 16
VisualStudioVersion = 16.0.32413.511
MinimumVisualStudioVersion = 10.0.40219.1
Project("{9A19103F-16F7-4668-BE54-9A1E7A4F7556}") = "CursoOnline.Dominio.Test", "test\CursoOnline.Dominio.Test\CursoOnline.Dominio.Test.csproj", "{D2958DF2-ADA0-476A-B0A4-0B5EC3BB738F}"
EndProject
Project("{9A19103F-16F7-4668-BE54-9A1E7A4F7556}") = "CursoOnline.Dominio", "src\CursoOnline.Dominio\CursoOnline.Dominio.csproj", "{B6751795-3F48-4E57-BF43-057F3627A07C}"
EndProject
Project("{FAE04EC0-301F-11D3-BF4B-00C04F79EFBC}") = "CursoOnline.Web", "src\CursoOnline.Web\CursoOnline.Web.csproj", "{C63671E9-C9F4-4F85-BD54-45FF03DF732C}"
EndProject
Global
	GlobalSection(SolutionConfigurationPlatforms) = preSolution
		Debug|Any CPU = Debug|Any CPU
		Release|Any CPU = Release|Any CPU
	EndGlobalSection
	GlobalSection(ProjectConfigurationPlatforms) = postSolution
		{D2958DF2-ADA0-476A-B0A4-0B5EC3BB738F}.Debug|Any CPU.ActiveCfg = Debug|Any CPU
		{D2958DF2-ADA0-476A-B0A4-0B5EC3BB738F}.Debug|Any CPU.Build.0 = Debug|Any CPU
		{D2958DF2-ADA0-476A-B0A4-0B5EC3BB738F}.Release|Any CPU.ActiveCfg = Release|Any CPU
		{D2958DF2-ADA0-476A-B0A4-0B5EC3BB738F}.Release|Any CPU.Build.0 = Release|Any CPU
		{B6751795-3F48-4E57-BF43-057F3627A07C}.Debug|Any CPU.ActiveCfg = Debug|Any CPU
		{B6751795-3F48-4E57-BF43-057F3627A07C}.Debug|Any CPU.Build.0 = Debug|Any CPU
		{B6751795-3F48-4E57-BF43-057F3627A07C}.Release|Any CPU.ActiveCfg = Release|Any CPU
		{B6751795-3F48-4E57-BF43-057F3627A07C}.Release|Any CPU.Build.0 = Release|Any CPU
		{C63671E9-C9F4-4F85-BD54-45FF03DF732C}.Debug|Any CPU.ActiveCfg = Debug|Any CPU
		{C63671E9-C9F4-4F85-BD54-45FF03DF732C}.Debug|Any CPU.Build.0 = Debug|Any CPU
		{C63671E9-C9F4-4F85-BD54-45FF03DF732C}.Release|Any CPU.ActiveCfg = Release|Any CPU
		{C63671E9-C9F4-4F85-BD54-45FF03DF732C}.Release|Any CPU.Build.0 = Release|Any CPU
	EndGlobalSection
	GlobalSection(SolutionProperties) = preSolution
		HideSolutionNode = FALSE
	EndGlobalSection
	GlobalSection(ExtensibilityGlobals) = postSolution
		SolutionGuid = {2B34C0BF-BED8-48EC-ADE7-8A730928AD3C}
	EndGlobalSection
EndGlobal
